{
  "name": "@camera.ui/homeassistant-integration",
  "version": "0.0.0",
  "lockfileVersion": 3,
  "requires": true,
  "packages": {
    "": {
      "name": "@camera.ui/homeassistant-integration",
      "version": "0.0.0",
      "license": "MIT",
      "devDependencies": {
        "updates": "^17.20.4"
      }
    },
    "node_modules/updates": {
      "version": "17.20.4",
      "resolved": "https://registry.npmjs.org/updates/-/updates-17.20.4.tgz",
      "integrity": "sha512-uEnrO6WAklV4hhccpeWVSQP0QQot3dLS4Xgw3ax8Rply6+PtFJsRzYLRh0XLtZaunj/bKW4FG6pO5RpBZiN3xQ==",
      "dev": true,
      "license": "BSD-2-Clause",
      "bin": {
        "updates": "dist/index.js"
      },
      "engines": {
        "bun": "*",
        "node": ">=22"
      }
    }
  }
}
